github.com/McShelby/hugo-theme-relearn v0.0.0-20241210183303-16d4de84becf h1:bMx4kwM7Q+dAzvSOWs3XWZ25o+n4mI0GPHqzbzeWb3M=
github.com/McShelby/hugo-theme-relearn v0.0.0-20241210183303-16d4de84becf/go.mod h1:mKQQdxZNIlLvAj8X3tMq+RzntIJSr9z7XdzuMomt0IM=
github.com/McShelby/hugo-theme-relearn v0.0.0-20250325072754-6e26088dc2f0 h1:p4oRBsNAoE7j5hHZgJfqsWdhghg1u1Y6WtsRVpPsv/Y=
github.com/McShelby/hugo-theme-relearn v0.0.0-20250325072754-6e26088dc2f0/go.mod h1:mKQQdxZNIlLvAj8X3tMq+RzntIJSr9z7XdzuMomt0IM=
github.com/McShelby/hugo-theme-relearn v0.0.0-20251127072033-57a5af815447 h1:ujlHf8LfF9VdFLcdUJEKnAfLjEo5wPZmJmPxBROCo3o=
github.com/McShelby/hugo-theme-relearn v0.0.0-20251127072033-57a5af815447/go.mod h1:mKQQdxZNIlLvAj8X3tMq+RzntIJSr9z7XdzuMomt0IM=
github.com/McShelby/hugo-theme-relearn v0.0.0-20251215175050-d215bdc8e98b h1:Xf0NyjW2T3enrjFNRHny3DtfG6gL3JYjL8ygbHKM1ZA=
github.com/McShelby/hugo-theme-relearn v0.0.0-20251215175050-d215bdc8e98b/go.mod h1:mKQQdxZNIlLvAj8X3tMq+RzntIJSr9z7XdzuMomt0IM=
